PODS:
  - AJKit/Algorithm (0.2.0):
    - AJKit/Foundation
  - AJKit/Foundation (0.2.0)
  - AJKit/Runtime (0.2.0):
    - AJKit/Foundation
  - AJKit/UIKit (0.2.0):
    - AJKit/Foundation

DEPENDENCIES:
  - AJKit/Algorithm (from `../`)
  - AJKit/Foundation (from `../`)
  - AJKit/Runtime (from `../`)
  - AJKit/UIKit (from `../`)

EXTERNAL SOURCES:
  AJKit:
    :path: "../"

SPEC CHECKSUMS:
  AJKit: 855c1ba3039c3740bcb8cb1739940e9574d309a6

PODFILE CHECKSUM: 8aefd3d1cd708965d3e1ee2adb436d0243f2f504

COCOAPODS: 1.7.5
