PODS:
  - AJKit (0.1.0):
    - AJKit/UIKit (= 0.1.0)
  - AJKit/UIKit (0.1.0)

DEPENDENCIES:
  - AJKit (from `../`)

EXTERNAL SOURCES:
  AJKit:
    :path: "../"

SPEC CHECKSUMS:
  AJKit: ec74310fcd063f79f9877bab416ef0a7ef136a75

PODFILE CHECKSUM: 60c012922278efb359ecb12a183cc69afca723bf

COCOAPODS: 1.7.5
